
Microsoft Visual Studio Solution File, Format Version 12.00
# Visual Studio Version 16
VisualStudioVersion = 16.0.28729.10
MinimumVisualStudioVersion = 10.0.40219.1
Project("{FAE04EC0-301F-11D3-BF4B-00C04F79EFBC}") = "ConsoleApp1", "ConsoleApp1\ConsoleApp1.csproj", "{115F1A29-8757-43F8-9218-877BBAEFC33E}"
EndProject
Global
	GlobalSection(SolutionConfigurationPlatforms) = preSolution
		Debug|Any CPU = Debug|Any CPU
		Release|Any CPU = Release|Any CPU
	EndGlobalSection
	GlobalSection(ProjectConfigurationPlatforms) = postSolution
		{115F1A29-8757-43F8-9218-877BBAEFC33E}.Debug|Any CPU.ActiveCfg = Debug|Any CPU
		{115F1A29-8757-43F8-9218-877BBAEFC33E}.Debug|Any CPU.Build.0 = Debug|Any CPU
		{115F1A29-8757-43F8-9218-877BBAEFC33E}.Release|Any CPU.ActiveCfg = Release|Any CPU
		{115F1A29-8757-43F8-9218-877BBAEFC33E}.Release|Any CPU.Build.0 = Release|Any CPU
	EndGlobalSection
	GlobalSection(SolutionProperties) = preSolution
		HideSolutionNode = FALSE
	EndGlobalSection
	GlobalSection(ExtensibilityGlobals) = postSolution
		SolutionGuid = {AE8A02AB-FB3D-4677-9073-56C7459207F3}
	EndGlobalSection
EndGlobal
